
Microsoft Visual Studio Solution File, Format Version 12.00
# Visual Studio Version 17
VisualStudioVersion = 17.4.32916.344
MinimumVisualStudioVersion = 10.0.40219.1
Project("{FAE04EC0-301F-11D3-BF4B-00C04F79EFBC}") = "XamarinBoxColor.Android", "XamarinBoxColor\XamarinBoxColor.Android\XamarinBoxColor.Android.csproj", "{29E755F1-24D8-4A32-BEA1-99C55C3AC7AF}"
EndProject
Project("{FAE04EC0-301F-11D3-BF4B-00C04F79EFBC}") = "XamarinBoxColor", "XamarinBoxColor\XamarinBoxColor\XamarinBoxColor.csproj", "{84C7FB74-2788-4D37-8D11-5549E62698DB}"
EndProject
Global
	GlobalSection(SolutionConfigurationPlatforms) = preSolution
		Debug|Any CPU = Debug|Any CPU
		Release|Any CPU = Release|Any CPU
	EndGlobalSection
	GlobalSection(ProjectConfigurationPlatforms) = postSolution
		{29E755F1-24D8-4A32-BEA1-99C55C3AC7AF}.Debug|Any CPU.ActiveCfg = Debug|Any CPU
		{29E755F1-24D8-4A32-BEA1-99C55C3AC7AF}.Debug|Any CPU.Build.0 = Debug|Any CPU
		{29E755F1-24D8-4A32-BEA1-99C55C3AC7AF}.Debug|Any CPU.Deploy.0 = Debug|Any CPU
		{29E755F1-24D8-4A32-BEA1-99C55C3AC7AF}.Release|Any CPU.ActiveCfg = Release|Any CPU
		{29E755F1-24D8-4A32-BEA1-99C55C3AC7AF}.Release|Any CPU.Build.0 = Release|Any CPU
		{29E755F1-24D8-4A32-BEA1-99C55C3AC7AF}.Release|Any CPU.Deploy.0 = Release|Any CPU
		{84C7FB74-2788-4D37-8D11-5549E62698DB}.Debug|Any CPU.ActiveCfg = Debug|Any CPU
		{84C7FB74-2788-4D37-8D11-5549E62698DB}.Debug|Any CPU.Build.0 = Debug|Any CPU
		{84C7FB74-2788-4D37-8D11-5549E62698DB}.Debug|Any CPU.Deploy.0 = Debug|Any CPU
		{84C7FB74-2788-4D37-8D11-5549E62698DB}.Release|Any CPU.ActiveCfg = Release|Any CPU
		{84C7FB74-2788-4D37-8D11-5549E62698DB}.Release|Any CPU.Build.0 = Release|Any CPU
		{84C7FB74-2788-4D37-8D11-5549E62698DB}.Release|Any CPU.Deploy.0 = Release|Any CPU
	EndGlobalSection
	GlobalSection(SolutionProperties) = preSolution
		HideSolutionNode = FALSE
	EndGlobalSection
	GlobalSection(ExtensibilityGlobals) = postSolution
		SolutionGuid = {E8AFDDD6-FAC3-4A85-B214-3D316E75F496}
	EndGlobalSection
EndGlobal
